
Microsoft Visual Studio Solution File, Format Version 12.00
# Visual Studio Version 17
VisualStudioVersion = 17.13.35931.197 d17.13
MinimumVisualStudioVersion = 10.0.40219.1
Project("{FAE04EC0-301F-11D3-BF4B-00C04F79EFBC}") = "Abstract Class Assignment", "Abstract Class Assignment.csproj", "{228139D8-F8E1-40D6-882D-BB19C20F89AA}"
EndProject
Global
	GlobalSection(SolutionConfigurationPlatforms) = preSolution
		Debug|Any CPU = Debug|Any CPU
		Release|Any CPU = Release|Any CPU
	EndGlobalSection
	GlobalSection(ProjectConfigurationPlatforms) = postSolution
		{228139D8-F8E1-40D6-882D-BB19C20F89AA}.Debug|Any CPU.ActiveCfg = Debug|Any CPU
		{228139D8-F8E1-40D6-882D-BB19C20F89AA}.Debug|Any CPU.Build.0 = Debug|Any CPU
		{228139D8-F8E1-40D6-882D-BB19C20F89AA}.Release|Any CPU.ActiveCfg = Release|Any CPU
		{228139D8-F8E1-40D6-882D-BB19C20F89AA}.Release|Any CPU.Build.0 = Release|Any CPU
	EndGlobalSection
	GlobalSection(SolutionProperties) = preSolution
		HideSolutionNode = FALSE
	EndGlobalSection
	GlobalSection(ExtensibilityGlobals) = postSolution
		SolutionGuid = {C788506A-AA58-4818-B489-AB40B72C278C}
	EndGlobalSection
EndGlobal
