
Microsoft Visual Studio Solution File, Format Version 12.00
# Visual Studio Version 16
VisualStudioVersion = 16.0.34301.259
MinimumVisualStudioVersion = 10.0.40219.1
Project("{FAE04EC0-301F-11D3-BF4B-00C04F79EFBC}") = "HelloWorld", "HelloWorld.csproj", "{BBEDC79E-8D2D-4E8B-B514-E2098ADAD85A}"
EndProject
Global
	GlobalSection(SolutionConfigurationPlatforms) = preSolution
		Debug|Any CPU = Debug|Any CPU
		Release|Any CPU = Release|Any CPU
	EndGlobalSection
	GlobalSection(ProjectConfigurationPlatforms) = postSolution
		{BBEDC79E-8D2D-4E8B-B514-E2098ADAD85A}.Debug|Any CPU.ActiveCfg = Debug|Any CPU
		{BBEDC79E-8D2D-4E8B-B514-E2098ADAD85A}.Debug|Any CPU.Build.0 = Debug|Any CPU
		{BBEDC79E-8D2D-4E8B-B514-E2098ADAD85A}.Release|Any CPU.ActiveCfg = Release|Any CPU
		{BBEDC79E-8D2D-4E8B-B514-E2098ADAD85A}.Release|Any CPU.Build.0 = Release|Any CPU
	EndGlobalSection
	GlobalSection(SolutionProperties) = preSolution
		HideSolutionNode = FALSE
	EndGlobalSection
	GlobalSection(ExtensibilityGlobals) = postSolution
		SolutionGuid = {F4A33371-76E0-4BC6-9DC3-27BBE59E59C0}
	EndGlobalSection
EndGlobal
